
Microsoft Visual Studio Solution File, Format Version 12.00
# Visual Studio Version 17
VisualStudioVersion = 17.1.32228.430
MinimumVisualStudioVersion = 10.0.40219.1
Project("{FAE04EC0-301F-11D3-BF4B-00C04F79EFBC}") = "quadratic_equation", "quadratic_equation.csproj", "{885F1168-9BAB-4F0B-9CA9-F0E18544A75F}"
EndProject
Global
	GlobalSection(SolutionConfigurationPlatforms) = preSolution
		Debug|Any CPU = Debug|Any CPU
		Release|Any CPU = Release|Any CPU
	EndGlobalSection
	GlobalSection(ProjectConfigurationPlatforms) = postSolution
		{885F1168-9BAB-4F0B-9CA9-F0E18544A75F}.Debug|Any CPU.ActiveCfg = Debug|Any CPU
		{885F1168-9BAB-4F0B-9CA9-F0E18544A75F}.Debug|Any CPU.Build.0 = Debug|Any CPU
		{885F1168-9BAB-4F0B-9CA9-F0E18544A75F}.Release|Any CPU.ActiveCfg = Release|Any CPU
		{885F1168-9BAB-4F0B-9CA9-F0E18544A75F}.Release|Any CPU.Build.0 = Release|Any CPU
	EndGlobalSection
	GlobalSection(SolutionProperties) = preSolution
		HideSolutionNode = FALSE
	EndGlobalSection
	GlobalSection(ExtensibilityGlobals) = postSolution
		SolutionGuid = {F1A90AFE-C41E-4720-B238-CABEC2960F84}
	EndGlobalSection
EndGlobal
